
Microsoft Visual Studio Solution File, Format Version 12.00
# Visual Studio Version 17
VisualStudioVersion = 17.0.31825.309
MinimumVisualStudioVersion = 10.0.40219.1
Project("{9A19103F-16F7-4668-BE54-9A1E7A4F7556}") = "AccordionExplorer.Server", "AccordionExplorer.Server.csproj", "{D69EF4E9-1166-4A44-A001-32869D2BFB9A}"
EndProject
Global
	GlobalSection(SolutionConfigurationPlatforms) = preSolution
		Debug|Any CPU = Debug|Any CPU
		GRAPECITY|Any CPU = GRAPECITY|Any CPU
		Release|Any CPU = Release|Any CPU
	EndGlobalSection
	GlobalSection(ProjectConfigurationPlatforms) = postSolution
		{D69EF4E9-1166-4A44-A001-32869D2BFB9A}.Debug|Any CPU.ActiveCfg = Debug|Any CPU
		{D69EF4E9-1166-4A44-A001-32869D2BFB9A}.Debug|Any CPU.Build.0 = Debug|Any CPU
		{D69EF4E9-1166-4A44-A001-32869D2BFB9A}.GRAPECITY|Any CPU.ActiveCfg = Debug|Any CPU
		{D69EF4E9-1166-4A44-A001-32869D2BFB9A}.GRAPECITY|Any CPU.Build.0 = Debug|Any CPU
		{D69EF4E9-1166-4A44-A001-32869D2BFB9A}.Release|Any CPU.ActiveCfg = Release|Any CPU
		{D69EF4E9-1166-4A44-A001-32869D2BFB9A}.Release|Any CPU.Build.0 = Release|Any CPU
	EndGlobalSection
	GlobalSection(SolutionProperties) = preSolution
		HideSolutionNode = FALSE
	EndGlobalSection
	GlobalSection(ExtensibilityGlobals) = postSolution
		SolutionGuid = {ED239402-C091-417C-8E2A-3B6213116E12}
	EndGlobalSection
EndGlobal
