
Microsoft Visual Studio Solution File, Format Version 12.00
# Visual Studio Version 16
VisualStudioVersion = 16.0.31129.286
MinimumVisualStudioVersion = 10.0.40219.1
Project("{9A19103F-16F7-4668-BE54-9A1E7A4F7556}") = "TreeViewExplorer", "TreeViewExplorer.csproj", "{250CA29C-EC06-43B6-A0DA-8FA3BBEAA3FE}"
EndProject
Project("{9A19103F-16F7-4668-BE54-9A1E7A4F7556}") = "C1.Blazor.Core", "..\..\..\Controls\Core\C1.Blazor.Core.csproj", "{D4B00FDE-154B-40D5-B0E1-7A17DE00D05F}"
EndProject
Project("{9A19103F-16F7-4668-BE54-9A1E7A4F7556}") = "C1.Blazor.TreeView", "..\..\..\Controls\TreeView\C1.Blazor.TreeView.csproj", "{EE027884-546E-428D-B897-7279B483BB69}"
EndProject
Project("{9A19103F-16F7-4668-BE54-9A1E7A4F7556}") = "C1.Blazor.Input", "..\..\..\Controls\Input\C1.Blazor.Input.csproj", "{33640885-8BCA-4327-A7BD-03FFA8690E92}"
EndProject
Project("{9A19103F-16F7-4668-BE54-9A1E7A4F7556}") = "C1.Blazor.ListView", "..\..\..\Controls\ListView\C1.Blazor.ListView.csproj", "{533400A5-7072-4D03-A121-E1AB1DA1C0EA}"
EndProject
Global
	GlobalSection(SolutionConfigurationPlatforms) = preSolution
		Debug|Any CPU = Debug|Any CPU
		GRAPECITY|Any CPU = GRAPECITY|Any CPU
		Release|Any CPU = Release|Any CPU
	EndGlobalSection
	GlobalSection(ProjectConfigurationPlatforms) = postSolution
		{250CA29C-EC06-43B6-A0DA-8FA3BBEAA3FE}.Debug|Any CPU.ActiveCfg = Debug|Any CPU
		{250CA29C-EC06-43B6-A0DA-8FA3BBEAA3FE}.Debug|Any CPU.Build.0 = Debug|Any CPU
		{250CA29C-EC06-43B6-A0DA-8FA3BBEAA3FE}.GRAPECITY|Any CPU.ActiveCfg = Debug|Any CPU
		{250CA29C-EC06-43B6-A0DA-8FA3BBEAA3FE}.GRAPECITY|Any CPU.Build.0 = Debug|Any CPU
		{250CA29C-EC06-43B6-A0DA-8FA3BBEAA3FE}.Release|Any CPU.ActiveCfg = Release|Any CPU
		{250CA29C-EC06-43B6-A0DA-8FA3BBEAA3FE}.Release|Any CPU.Build.0 = Release|Any CPU
		{D4B00FDE-154B-40D5-B0E1-7A17DE00D05F}.Debug|Any CPU.ActiveCfg = Debug|Any CPU
		{D4B00FDE-154B-40D5-B0E1-7A17DE00D05F}.Debug|Any CPU.Build.0 = Debug|Any CPU
		{D4B00FDE-154B-40D5-B0E1-7A17DE00D05F}.GRAPECITY|Any CPU.ActiveCfg = GRAPECITY|Any CPU
		{D4B00FDE-154B-40D5-B0E1-7A17DE00D05F}.GRAPECITY|Any CPU.Build.0 = GRAPECITY|Any CPU
		{D4B00FDE-154B-40D5-B0E1-7A17DE00D05F}.Release|Any CPU.ActiveCfg = Release|Any CPU
		{D4B00FDE-154B-40D5-B0E1-7A17DE00D05F}.Release|Any CPU.Build.0 = Release|Any CPU
		{EE027884-546E-428D-B897-7279B483BB69}.Debug|Any CPU.ActiveCfg = Debug|Any CPU
		{EE027884-546E-428D-B897-7279B483BB69}.Debug|Any CPU.Build.0 = Debug|Any CPU
		{EE027884-546E-428D-B897-7279B483BB69}.GRAPECITY|Any CPU.ActiveCfg = GRAPECITY|Any CPU
		{EE027884-546E-428D-B897-7279B483BB69}.GRAPECITY|Any CPU.Build.0 = GRAPECITY|Any CPU
		{EE027884-546E-428D-B897-7279B483BB69}.Release|Any CPU.ActiveCfg = Release|Any CPU
		{EE027884-546E-428D-B897-7279B483BB69}.Release|Any CPU.Build.0 = Release|Any CPU
		{33640885-8BCA-4327-A7BD-03FFA8690E92}.Debug|Any CPU.ActiveCfg = Debug|Any CPU
		{33640885-8BCA-4327-A7BD-03FFA8690E92}.Debug|Any CPU.Build.0 = Debug|Any CPU
		{33640885-8BCA-4327-A7BD-03FFA8690E92}.GRAPECITY|Any CPU.ActiveCfg = GRAPECITY|Any CPU
		{33640885-8BCA-4327-A7BD-03FFA8690E92}.GRAPECITY|Any CPU.Build.0 = GRAPECITY|Any CPU
		{33640885-8BCA-4327-A7BD-03FFA8690E92}.Release|Any CPU.ActiveCfg = Release|Any CPU
		{33640885-8BCA-4327-A7BD-03FFA8690E92}.Release|Any CPU.Build.0 = Release|Any CPU
		{533400A5-7072-4D03-A121-E1AB1DA1C0EA}.Debug|Any CPU.ActiveCfg = Debug|Any CPU
		{533400A5-7072-4D03-A121-E1AB1DA1C0EA}.Debug|Any CPU.Build.0 = Debug|Any CPU
		{533400A5-7072-4D03-A121-E1AB1DA1C0EA}.GRAPECITY|Any CPU.ActiveCfg = GRAPECITY|Any CPU
		{533400A5-7072-4D03-A121-E1AB1DA1C0EA}.GRAPECITY|Any CPU.Build.0 = GRAPECITY|Any CPU
		{533400A5-7072-4D03-A121-E1AB1DA1C0EA}.Release|Any CPU.ActiveCfg = Release|Any CPU
		{533400A5-7072-4D03-A121-E1AB1DA1C0EA}.Release|Any CPU.Build.0 = Release|Any CPU
	EndGlobalSection
	GlobalSection(SolutionProperties) = preSolution
		HideSolutionNode = FALSE
	EndGlobalSection
	GlobalSection(ExtensibilityGlobals) = postSolution
		SolutionGuid = {50158CF8-8983-4755-B143-4DEBE69B55D4}
	EndGlobalSection
EndGlobal
