
Microsoft Visual Studio Solution File, Format Version 12.00
# Visual Studio Version 17
Project("{FAE04EC0-301F-11D3-BF4B-00C04F79EFBC}") = "Spreadsheet", "Spreadsheet.csproj", "{B58B0A7B-6568-4957-AA20-3423A9F5ED60}"
EndProject
Global
	GlobalSection(SolutionConfigurationPlatforms) = preSolution
		Debug|Any CPU = Debug|Any CPU
		Release|Any CPU = Release|Any CPU
	EndGlobalSection
	GlobalSection(ProjectConfigurationPlatforms) = postSolution
		{B58B0A7B-6568-4957-AA20-3423A9F5ED60}.Debug|Any CPU.ActiveCfg = Debug|Any CPU
		{B58B0A7B-6568-4957-AA20-3423A9F5ED60}.Debug|Any CPU.Build.0 = Debug|Any CPU
		{B58B0A7B-6568-4957-AA20-3423A9F5ED60}.Release|Any CPU.ActiveCfg = Release|Any CPU
		{B58B0A7B-6568-4957-AA20-3423A9F5ED60}.Release|Any CPU.Build.0 = Release|Any CPU
	EndGlobalSection
	GlobalSection(SolutionProperties) = preSolution
		HideSolutionNode = FALSE
	EndGlobalSection
	GlobalSection(ExtensibilityGlobals) = postSolution
		SolutionGuid = {5277C5E8-11C2-4B77-8F8A-3C4502272B75}
	EndGlobalSection
EndGlobal
