
Microsoft Visual Studio Solution File, Format Version 12.00
# Visual Studio Version 16
Project("{9A19103F-16F7-4668-BE54-9A1E7A4F7556}") = "FlexGridDataVirtualization.Server", "Server\FlexGridDataVirtualization.Server.csproj", "{373D0F88-9F05-4A5C-9D76-4B0D63AB291E}"
EndProject
Project("{9A19103F-16F7-4668-BE54-9A1E7A4F7556}") = "FlexGridDataVirtualization.Client", "Client\FlexGridDataVirtualization.Client.csproj", "{4D413165-F8BF-445B-B46A-DD9B1854352C}"
EndProject
Project("{9A19103F-16F7-4668-BE54-9A1E7A4F7556}") = "FlexGridDataVirtualization.Shared", "Shared\FlexGridDataVirtualization.Shared.csproj", "{85945462-2A32-46A0-ADBC-93CF7F73DC6A}"
EndProject
Global
	GlobalSection(SolutionConfigurationPlatforms) = preSolution
		Debug|Any CPU = Debug|Any CPU
		GRAPECITY|Any CPU = GRAPECITY|Any CPU
		Release|Any CPU = Release|Any CPU
	EndGlobalSection
	GlobalSection(ProjectConfigurationPlatforms) = postSolution
		{373D0F88-9F05-4A5C-9D76-4B0D63AB291E}.Debug|Any CPU.ActiveCfg = Debug|Any CPU
		{373D0F88-9F05-4A5C-9D76-4B0D63AB291E}.Debug|Any CPU.Build.0 = Debug|Any CPU
		{373D0F88-9F05-4A5C-9D76-4B0D63AB291E}.GRAPECITY|Any CPU.ActiveCfg = Debug|Any CPU
		{373D0F88-9F05-4A5C-9D76-4B0D63AB291E}.GRAPECITY|Any CPU.Build.0 = Debug|Any CPU
		{373D0F88-9F05-4A5C-9D76-4B0D63AB291E}.Release|Any CPU.ActiveCfg = Release|Any CPU
		{373D0F88-9F05-4A5C-9D76-4B0D63AB291E}.Release|Any CPU.Build.0 = Release|Any CPU
		{4D413165-F8BF-445B-B46A-DD9B1854352C}.Debug|Any CPU.ActiveCfg = Debug|Any CPU
		{4D413165-F8BF-445B-B46A-DD9B1854352C}.Debug|Any CPU.Build.0 = Debug|Any CPU
		{4D413165-F8BF-445B-B46A-DD9B1854352C}.GRAPECITY|Any CPU.ActiveCfg = Debug|Any CPU
		{4D413165-F8BF-445B-B46A-DD9B1854352C}.GRAPECITY|Any CPU.Build.0 = Debug|Any CPU
		{4D413165-F8BF-445B-B46A-DD9B1854352C}.Release|Any CPU.ActiveCfg = Release|Any CPU
		{4D413165-F8BF-445B-B46A-DD9B1854352C}.Release|Any CPU.Build.0 = Release|Any CPU
		{85945462-2A32-46A0-ADBC-93CF7F73DC6A}.Debug|Any CPU.ActiveCfg = Debug|Any CPU
		{85945462-2A32-46A0-ADBC-93CF7F73DC6A}.Debug|Any CPU.Build.0 = Debug|Any CPU
		{85945462-2A32-46A0-ADBC-93CF7F73DC6A}.GRAPECITY|Any CPU.ActiveCfg = Debug|Any CPU
		{85945462-2A32-46A0-ADBC-93CF7F73DC6A}.GRAPECITY|Any CPU.Build.0 = Debug|Any CPU
		{85945462-2A32-46A0-ADBC-93CF7F73DC6A}.Release|Any CPU.ActiveCfg = Release|Any CPU
		{85945462-2A32-46A0-ADBC-93CF7F73DC6A}.Release|Any CPU.Build.0 = Release|Any CPU
	EndGlobalSection
	GlobalSection(SolutionProperties) = preSolution
		HideSolutionNode = FALSE
	EndGlobalSection
	GlobalSection(ExtensibilityGlobals) = postSolution
		SolutionGuid = {ADDAA09E-6987-446B-93D4-7E48AB0A76DD}
	EndGlobalSection
EndGlobal
