
Microsoft Visual Studio Solution File, Format Version 12.00
# Visual Studio Version 16
Project("{9A19103F-16F7-4668-BE54-9A1E7A4F7556}") = "SQLServerRealTimeUpdates", "SQLServerRealTimeUpdates.csproj", "{CCF2EDF3-688C-41C5-81CA-AE5DEC7E16A7}"
EndProject
Global
	GlobalSection(SolutionConfigurationPlatforms) = preSolution
		Debug|Any CPU = Debug|Any CPU
		GRAPECITY|Any CPU = GRAPECITY|Any CPU
		Release|Any CPU = Release|Any CPU
	EndGlobalSection
	GlobalSection(ProjectConfigurationPlatforms) = postSolution
		{CCF2EDF3-688C-41C5-81CA-AE5DEC7E16A7}.Debug|Any CPU.ActiveCfg = Debug|Any CPU
		{CCF2EDF3-688C-41C5-81CA-AE5DEC7E16A7}.Debug|Any CPU.Build.0 = Debug|Any CPU
		{CCF2EDF3-688C-41C5-81CA-AE5DEC7E16A7}.GRAPECITY|Any CPU.ActiveCfg = Release|Any CPU
		{CCF2EDF3-688C-41C5-81CA-AE5DEC7E16A7}.GRAPECITY|Any CPU.Build.0 = Release|Any CPU
		{CCF2EDF3-688C-41C5-81CA-AE5DEC7E16A7}.Release|Any CPU.ActiveCfg = Release|Any CPU
		{CCF2EDF3-688C-41C5-81CA-AE5DEC7E16A7}.Release|Any CPU.Build.0 = Release|Any CPU
	EndGlobalSection
	GlobalSection(SolutionProperties) = preSolution
		HideSolutionNode = FALSE
	EndGlobalSection
	GlobalSection(ExtensibilityGlobals) = postSolution
		SolutionGuid = {4FA0CA06-792C-478A-967E-90D81A82A3DA}
	EndGlobalSection
EndGlobal
