
Microsoft Visual Studio Solution File, Format Version 12.00
# Visual Studio Version 17
Project("{9A19103F-16F7-4668-BE54-9A1E7A4F7556}") = "MarketingBudgetTemplate", "MarketingBudgetTemplate\MarketingBudgetTemplate.csproj", "{72F65B28-CE21-4BA3-9FF5-71DA8F44090A}"
EndProject
Global
	GlobalSection(SolutionConfigurationPlatforms) = preSolution
		Debug|Any CPU = Debug|Any CPU
		GRAPECITY|Any CPU = GRAPECITY|Any CPU
		Release|Any CPU = Release|Any CPU
	EndGlobalSection
	GlobalSection(ProjectConfigurationPlatforms) = postSolution
		{72F65B28-CE21-4BA3-9FF5-71DA8F44090A}.Debug|Any CPU.ActiveCfg = Debug|Any CPU
		{72F65B28-CE21-4BA3-9FF5-71DA8F44090A}.Debug|Any CPU.Build.0 = Debug|Any CPU
		{72F65B28-CE21-4BA3-9FF5-71DA8F44090A}.GRAPECITY|Any CPU.ActiveCfg = Debug|Any CPU
		{72F65B28-CE21-4BA3-9FF5-71DA8F44090A}.GRAPECITY|Any CPU.Build.0 = Debug|Any CPU
		{72F65B28-CE21-4BA3-9FF5-71DA8F44090A}.Release|Any CPU.ActiveCfg = Release|Any CPU
		{72F65B28-CE21-4BA3-9FF5-71DA8F44090A}.Release|Any CPU.Build.0 = Release|Any CPU
	EndGlobalSection
	GlobalSection(SolutionProperties) = preSolution
		HideSolutionNode = FALSE
	EndGlobalSection
	GlobalSection(ExtensibilityGlobals) = postSolution
		SolutionGuid = {B3A94049-F3C6-4EB1-8131-89EE94D9C186}
	EndGlobalSection
EndGlobal
