
Microsoft Visual Studio Solution File, Format Version 12.00
# Visual Studio Version 17
Project("{9A19103F-16F7-4668-BE54-9A1E7A4F7556}") = "DataFilterExplorer.Server", "DataFilterExplorer.Server.csproj", "{1D83FF0C-EA0F-466B-9223-CD332601E8E9}"
EndProject
Global
	GlobalSection(SolutionConfigurationPlatforms) = preSolution
		Debug|Any CPU = Debug|Any CPU
		GRAPECITY|Any CPU = GRAPECITY|Any CPU
		Release|Any CPU = Release|Any CPU
	EndGlobalSection
	GlobalSection(ProjectConfigurationPlatforms) = postSolution
		{1D83FF0C-EA0F-466B-9223-CD332601E8E9}.Debug|Any CPU.ActiveCfg = Debug|Any CPU
		{1D83FF0C-EA0F-466B-9223-CD332601E8E9}.Debug|Any CPU.Build.0 = Debug|Any CPU
		{1D83FF0C-EA0F-466B-9223-CD332601E8E9}.GRAPECITY|Any CPU.ActiveCfg = Release|Any CPU
		{1D83FF0C-EA0F-466B-9223-CD332601E8E9}.GRAPECITY|Any CPU.Build.0 = Release|Any CPU
		{1D83FF0C-EA0F-466B-9223-CD332601E8E9}.Release|Any CPU.ActiveCfg = Release|Any CPU
		{1D83FF0C-EA0F-466B-9223-CD332601E8E9}.Release|Any CPU.Build.0 = Release|Any CPU
	EndGlobalSection
	GlobalSection(SolutionProperties) = preSolution
		HideSolutionNode = FALSE
	EndGlobalSection
	GlobalSection(ExtensibilityGlobals) = postSolution
		SolutionGuid = {C2B6DF4F-5E57-411D-A6D6-656ADA0B9DC5}
	EndGlobalSection
EndGlobal
