
Microsoft Visual Studio Solution File, Format Version 12.00
# Visual Studio Version 16
Project("{9A19103F-16F7-4668-BE54-9A1E7A4F7556}") = "TreeViewExplorer.Server", "TreeViewExplorer.Server.csproj", "{4690EF86-217E-4125-87A3-4DE2C2F6CA5B}"
EndProject
Global
	GlobalSection(SolutionConfigurationPlatforms) = preSolution
		Debug|Any CPU = Debug|Any CPU
		GRAPECITY|Any CPU = GRAPECITY|Any CPU
		Release|Any CPU = Release|Any CPU
	EndGlobalSection
	GlobalSection(ProjectConfigurationPlatforms) = postSolution
		{4690EF86-217E-4125-87A3-4DE2C2F6CA5B}.Debug|Any CPU.ActiveCfg = Debug|Any CPU
		{4690EF86-217E-4125-87A3-4DE2C2F6CA5B}.Debug|Any CPU.Build.0 = Debug|Any CPU
		{4690EF86-217E-4125-87A3-4DE2C2F6CA5B}.GRAPECITY|Any CPU.ActiveCfg = Debug|Any CPU
		{4690EF86-217E-4125-87A3-4DE2C2F6CA5B}.GRAPECITY|Any CPU.Build.0 = Debug|Any CPU
		{4690EF86-217E-4125-87A3-4DE2C2F6CA5B}.Release|Any CPU.ActiveCfg = Release|Any CPU
		{4690EF86-217E-4125-87A3-4DE2C2F6CA5B}.Release|Any CPU.Build.0 = Release|Any CPU
	EndGlobalSection
	GlobalSection(SolutionProperties) = preSolution
		HideSolutionNode = FALSE
	EndGlobalSection
	GlobalSection(ExtensibilityGlobals) = postSolution
		SolutionGuid = {44EFD787-DFF6-4D52-8E66-A5D0B67E4770}
	EndGlobalSection
EndGlobal
