
Microsoft Visual Studio Solution File, Format Version 12.00
# Visual Studio Version 17
VisualStudioVersion = 17.1.31911.260
MinimumVisualStudioVersion = 10.0.40219.1
Project("{9A19103F-16F7-4668-BE54-9A1E7A4F7556}") = "FlexGridExplorer.Server", "FlexGridExplorer.Server.csproj", "{76C4D407-EC36-4E8B-AE76-280A2E5478F3}"
EndProject
Project("{9A19103F-16F7-4668-BE54-9A1E7A4F7556}") = "C1.Blazor.Core", "..\..\..\Controls\Core\C1.Blazor.Core.csproj", "{BBC00CA7-49FF-4831-8A86-38684253F548}"
EndProject
Project("{9A19103F-16F7-4668-BE54-9A1E7A4F7556}") = "C1.Blazor.Grid", "..\..\..\Controls\Grid\C1.Blazor.Grid.csproj", "{51EF3EF5-377C-400B-B832-AFE0242C8552}"
EndProject
Project("{9A19103F-16F7-4668-BE54-9A1E7A4F7556}") = "C1.Blazor.Input", "..\..\..\Controls\Input\C1.Blazor.Input.csproj", "{4869B850-4EF5-49E1-AB58-262467CA8719}"
EndProject
Project("{9A19103F-16F7-4668-BE54-9A1E7A4F7556}") = "C1.Blazor.DataPager", "..\..\..\Controls\DataPager\C1.Blazor.DataPager.csproj", "{81D17157-E726-458F-BC0A-E83E351D046C}"
EndProject
Project("{9A19103F-16F7-4668-BE54-9A1E7A4F7556}") = "C1.Blazor.ListView", "..\..\..\Controls\ListView\C1.Blazor.ListView.csproj", "{0FDE72F2-5AEB-4A4C-8E90-8CAE6442879B}"
EndProject
Project("{9A19103F-16F7-4668-BE54-9A1E7A4F7556}") = "C1.Blazor.Grid.Excel", "..\..\..\Controls\Grid.Excel\C1.Blazor.Grid.Excel.csproj", "{41B77313-8B21-47BC-9BD5-BF9B6E34BF0F}"
EndProject
Project("{9A19103F-16F7-4668-BE54-9A1E7A4F7556}") = "C1.CodeGeneration", "..\..\..\..\Shared\Controls\CodeGeneration\C1.CodeGeneration.csproj", "{730EC081-24F2-452C-90BF-0EBE6AB84C38}"
EndProject
Project("{9A19103F-16F7-4668-BE54-9A1E7A4F7556}") = "C1.Blazor.GridControl", "..\..\..\Controls\GridControl\C1.Blazor.GridControl.csproj", "{E4F147A1-4906-4030-8F0A-52B9DB06FDFA}"
EndProject
Project("{9A19103F-16F7-4668-BE54-9A1E7A4F7556}") = "C1.Blazor.DataFilter", "..\..\..\Controls\DataFilter\C1.Blazor.DataFilter.csproj", "{6EE1B3D6-2D66-4C21-BE85-4FA8F372FC28}"
EndProject
Project("{9A19103F-16F7-4668-BE54-9A1E7A4F7556}") = "C1.Blazor.Accordion", "..\..\..\Controls\Accordion\C1.Blazor.Accordion.csproj", "{76362125-F404-4331-8F07-6CCDDF4076A2}"
EndProject
Project("{9A19103F-16F7-4668-BE54-9A1E7A4F7556}") = "C1.Blazor.Calendar", "..\..\..\Controls\Calendar\C1.Blazor.Calendar.csproj", "{C1F0670A-615B-4B1E-8E97-71FDA49001AF}"
EndProject
Project("{9A19103F-16F7-4668-BE54-9A1E7A4F7556}") = "C1.Blazor.DateTimeEditors", "..\..\..\Controls\DateTimeEditors\C1.Blazor.DateTimeEditors.csproj", "{951AEB64-9889-49CA-B758-8152EF1EA8C0}"
EndProject
Project("{9A19103F-16F7-4668-BE54-9A1E7A4F7556}") = "C1.Blazor.Menu", "..\..\..\Controls\Menu\C1.Blazor.Menu.csproj", "{433D5CBB-0510-41CF-B6E4-F411DB090B34}"
EndProject
Global
	GlobalSection(SolutionConfigurationPlatforms) = preSolution
		Debug|Any CPU = Debug|Any CPU
		GRAPECITY|Any CPU = GRAPECITY|Any CPU
		Release|Any CPU = Release|Any CPU
	EndGlobalSection
	GlobalSection(ProjectConfigurationPlatforms) = postSolution
		{76C4D407-EC36-4E8B-AE76-280A2E5478F3}.Debug|Any CPU.ActiveCfg = Debug|Any CPU
		{76C4D407-EC36-4E8B-AE76-280A2E5478F3}.Debug|Any CPU.Build.0 = Debug|Any CPU
		{76C4D407-EC36-4E8B-AE76-280A2E5478F3}.GRAPECITY|Any CPU.ActiveCfg = Release|Any CPU
		{76C4D407-EC36-4E8B-AE76-280A2E5478F3}.GRAPECITY|Any CPU.Build.0 = Release|Any CPU
		{76C4D407-EC36-4E8B-AE76-280A2E5478F3}.Release|Any CPU.ActiveCfg = Release|Any CPU
		{76C4D407-EC36-4E8B-AE76-280A2E5478F3}.Release|Any CPU.Build.0 = Release|Any CPU
		{BBC00CA7-49FF-4831-8A86-38684253F548}.Debug|Any CPU.ActiveCfg = Debug|Any CPU
		{BBC00CA7-49FF-4831-8A86-38684253F548}.Debug|Any CPU.Build.0 = Debug|Any CPU
		{BBC00CA7-49FF-4831-8A86-38684253F548}.GRAPECITY|Any CPU.ActiveCfg = Debug|Any CPU
		{BBC00CA7-49FF-4831-8A86-38684253F548}.GRAPECITY|Any CPU.Build.0 = Debug|Any CPU
		{BBC00CA7-49FF-4831-8A86-38684253F548}.Release|Any CPU.ActiveCfg = Release|Any CPU
		{BBC00CA7-49FF-4831-8A86-38684253F548}.Release|Any CPU.Build.0 = Release|Any CPU
		{51EF3EF5-377C-400B-B832-AFE0242C8552}.Debug|Any CPU.ActiveCfg = Debug|Any CPU
		{51EF3EF5-377C-400B-B832-AFE0242C8552}.Debug|Any CPU.Build.0 = Debug|Any CPU
		{51EF3EF5-377C-400B-B832-AFE0242C8552}.GRAPECITY|Any CPU.ActiveCfg = Debug|Any CPU
		{51EF3EF5-377C-400B-B832-AFE0242C8552}.GRAPECITY|Any CPU.Build.0 = Debug|Any CPU
		{51EF3EF5-377C-400B-B832-AFE0242C8552}.Release|Any CPU.ActiveCfg = Release|Any CPU
		{51EF3EF5-377C-400B-B832-AFE0242C8552}.Release|Any CPU.Build.0 = Release|Any CPU
		{4869B850-4EF5-49E1-AB58-262467CA8719}.Debug|Any CPU.ActiveCfg = Debug|Any CPU
		{4869B850-4EF5-49E1-AB58-262467CA8719}.Debug|Any CPU.Build.0 = Debug|Any CPU
		{4869B850-4EF5-49E1-AB58-262467CA8719}.GRAPECITY|Any CPU.ActiveCfg = Debug|Any CPU
		{4869B850-4EF5-49E1-AB58-262467CA8719}.GRAPECITY|Any CPU.Build.0 = Debug|Any CPU
		{4869B850-4EF5-49E1-AB58-262467CA8719}.Release|Any CPU.ActiveCfg = Release|Any CPU
		{4869B850-4EF5-49E1-AB58-262467CA8719}.Release|Any CPU.Build.0 = Release|Any CPU
		{81D17157-E726-458F-BC0A-E83E351D046C}.Debug|Any CPU.ActiveCfg = Debug|Any CPU
		{81D17157-E726-458F-BC0A-E83E351D046C}.Debug|Any CPU.Build.0 = Debug|Any CPU
		{81D17157-E726-458F-BC0A-E83E351D046C}.GRAPECITY|Any CPU.ActiveCfg = Debug|Any CPU
		{81D17157-E726-458F-BC0A-E83E351D046C}.GRAPECITY|Any CPU.Build.0 = Debug|Any CPU
		{81D17157-E726-458F-BC0A-E83E351D046C}.Release|Any CPU.ActiveCfg = Release|Any CPU
		{81D17157-E726-458F-BC0A-E83E351D046C}.Release|Any CPU.Build.0 = Release|Any CPU
		{0FDE72F2-5AEB-4A4C-8E90-8CAE6442879B}.Debug|Any CPU.ActiveCfg = Debug|Any CPU
		{0FDE72F2-5AEB-4A4C-8E90-8CAE6442879B}.Debug|Any CPU.Build.0 = Debug|Any CPU
		{0FDE72F2-5AEB-4A4C-8E90-8CAE6442879B}.GRAPECITY|Any CPU.ActiveCfg = Debug|Any CPU
		{0FDE72F2-5AEB-4A4C-8E90-8CAE6442879B}.GRAPECITY|Any CPU.Build.0 = Debug|Any CPU
		{0FDE72F2-5AEB-4A4C-8E90-8CAE6442879B}.Release|Any CPU.ActiveCfg = Release|Any CPU
		{0FDE72F2-5AEB-4A4C-8E90-8CAE6442879B}.Release|Any CPU.Build.0 = Release|Any CPU
		{41B77313-8B21-47BC-9BD5-BF9B6E34BF0F}.Debug|Any CPU.ActiveCfg = Debug|Any CPU
		{41B77313-8B21-47BC-9BD5-BF9B6E34BF0F}.Debug|Any CPU.Build.0 = Debug|Any CPU
		{41B77313-8B21-47BC-9BD5-BF9B6E34BF0F}.GRAPECITY|Any CPU.ActiveCfg = GRAPECITY|Any CPU
		{41B77313-8B21-47BC-9BD5-BF9B6E34BF0F}.GRAPECITY|Any CPU.Build.0 = GRAPECITY|Any CPU
		{41B77313-8B21-47BC-9BD5-BF9B6E34BF0F}.Release|Any CPU.ActiveCfg = Release|Any CPU
		{41B77313-8B21-47BC-9BD5-BF9B6E34BF0F}.Release|Any CPU.Build.0 = Release|Any CPU
		{730EC081-24F2-452C-90BF-0EBE6AB84C38}.Debug|Any CPU.ActiveCfg = Debug|Any CPU
		{730EC081-24F2-452C-90BF-0EBE6AB84C38}.Debug|Any CPU.Build.0 = Debug|Any CPU
		{730EC081-24F2-452C-90BF-0EBE6AB84C38}.GRAPECITY|Any CPU.ActiveCfg = Debug|Any CPU
		{730EC081-24F2-452C-90BF-0EBE6AB84C38}.GRAPECITY|Any CPU.Build.0 = Debug|Any CPU
		{730EC081-24F2-452C-90BF-0EBE6AB84C38}.Release|Any CPU.ActiveCfg = Release|Any CPU
		{730EC081-24F2-452C-90BF-0EBE6AB84C38}.Release|Any CPU.Build.0 = Release|Any CPU
		{E4F147A1-4906-4030-8F0A-52B9DB06FDFA}.Debug|Any CPU.ActiveCfg = Debug|Any CPU
		{E4F147A1-4906-4030-8F0A-52B9DB06FDFA}.Debug|Any CPU.Build.0 = Debug|Any CPU
		{E4F147A1-4906-4030-8F0A-52B9DB06FDFA}.GRAPECITY|Any CPU.ActiveCfg = GRAPECITY|Any CPU
		{E4F147A1-4906-4030-8F0A-52B9DB06FDFA}.GRAPECITY|Any CPU.Build.0 = GRAPECITY|Any CPU
		{E4F147A1-4906-4030-8F0A-52B9DB06FDFA}.Release|Any CPU.ActiveCfg = Release|Any CPU
		{E4F147A1-4906-4030-8F0A-52B9DB06FDFA}.Release|Any CPU.Build.0 = Release|Any CPU
		{6EE1B3D6-2D66-4C21-BE85-4FA8F372FC28}.Debug|Any CPU.ActiveCfg = Debug|Any CPU
		{6EE1B3D6-2D66-4C21-BE85-4FA8F372FC28}.Debug|Any CPU.Build.0 = Debug|Any CPU
		{6EE1B3D6-2D66-4C21-BE85-4FA8F372FC28}.GRAPECITY|Any CPU.ActiveCfg = GRAPECITY|Any CPU
		{6EE1B3D6-2D66-4C21-BE85-4FA8F372FC28}.GRAPECITY|Any CPU.Build.0 = GRAPECITY|Any CPU
		{6EE1B3D6-2D66-4C21-BE85-4FA8F372FC28}.Release|Any CPU.ActiveCfg = Release|Any CPU
		{6EE1B3D6-2D66-4C21-BE85-4FA8F372FC28}.Release|Any CPU.Build.0 = Release|Any CPU
		{76362125-F404-4331-8F07-6CCDDF4076A2}.Debug|Any CPU.ActiveCfg = Debug|Any CPU
		{76362125-F404-4331-8F07-6CCDDF4076A2}.Debug|Any CPU.Build.0 = Debug|Any CPU
		{76362125-F404-4331-8F07-6CCDDF4076A2}.GRAPECITY|Any CPU.ActiveCfg = GRAPECITY|Any CPU
		{76362125-F404-4331-8F07-6CCDDF4076A2}.GRAPECITY|Any CPU.Build.0 = GRAPECITY|Any CPU
		{76362125-F404-4331-8F07-6CCDDF4076A2}.Release|Any CPU.ActiveCfg = Release|Any CPU
		{76362125-F404-4331-8F07-6CCDDF4076A2}.Release|Any CPU.Build.0 = Release|Any CPU
		{C1F0670A-615B-4B1E-8E97-71FDA49001AF}.Debug|Any CPU.ActiveCfg = Debug|Any CPU
		{C1F0670A-615B-4B1E-8E97-71FDA49001AF}.Debug|Any CPU.Build.0 = Debug|Any CPU
		{C1F0670A-615B-4B1E-8E97-71FDA49001AF}.GRAPECITY|Any CPU.ActiveCfg = GRAPECITY|Any CPU
		{C1F0670A-615B-4B1E-8E97-71FDA49001AF}.GRAPECITY|Any CPU.Build.0 = GRAPECITY|Any CPU
		{C1F0670A-615B-4B1E-8E97-71FDA49001AF}.Release|Any CPU.ActiveCfg = Release|Any CPU
		{C1F0670A-615B-4B1E-8E97-71FDA49001AF}.Release|Any CPU.Build.0 = Release|Any CPU
		{951AEB64-9889-49CA-B758-8152EF1EA8C0}.Debug|Any CPU.ActiveCfg = Debug|Any CPU
		{951AEB64-9889-49CA-B758-8152EF1EA8C0}.Debug|Any CPU.Build.0 = Debug|Any CPU
		{951AEB64-9889-49CA-B758-8152EF1EA8C0}.GRAPECITY|Any CPU.ActiveCfg = GRAPECITY|Any CPU
		{951AEB64-9889-49CA-B758-8152EF1EA8C0}.GRAPECITY|Any CPU.Build.0 = GRAPECITY|Any CPU
		{951AEB64-9889-49CA-B758-8152EF1EA8C0}.Release|Any CPU.ActiveCfg = Release|Any CPU
		{951AEB64-9889-49CA-B758-8152EF1EA8C0}.Release|Any CPU.Build.0 = Release|Any CPU
		{433D5CBB-0510-41CF-B6E4-F411DB090B34}.Debug|Any CPU.ActiveCfg = Debug|Any CPU
		{433D5CBB-0510-41CF-B6E4-F411DB090B34}.Debug|Any CPU.Build.0 = Debug|Any CPU
		{433D5CBB-0510-41CF-B6E4-F411DB090B34}.GRAPECITY|Any CPU.ActiveCfg = GRAPECITY|Any CPU
		{433D5CBB-0510-41CF-B6E4-F411DB090B34}.GRAPECITY|Any CPU.Build.0 = GRAPECITY|Any CPU
		{433D5CBB-0510-41CF-B6E4-F411DB090B34}.Release|Any CPU.ActiveCfg = Release|Any CPU
		{433D5CBB-0510-41CF-B6E4-F411DB090B34}.Release|Any CPU.Build.0 = Release|Any CPU
	EndGlobalSection
	GlobalSection(SolutionProperties) = preSolution
		HideSolutionNode = FALSE
	EndGlobalSection
	GlobalSection(ExtensibilityGlobals) = postSolution
		SolutionGuid = {9B8F956E-E1F6-4433-B866-1397F8B3E4D8}
	EndGlobalSection
EndGlobal
