
Microsoft Visual Studio Solution File, Format Version 12.00
# Visual Studio Version 17
Project("{FAE04EC0-301F-11D3-BF4B-00C04F79EFBC}") = "DynamicTreeView", "DynamicTreeView.csproj", "{8B818D6F-749A-470B-A9C2-2B756EC4065A}"
EndProject
Global
	GlobalSection(SolutionConfigurationPlatforms) = preSolution
		Debug|Any CPU = Debug|Any CPU
		Release|Any CPU = Release|Any CPU
	EndGlobalSection
	GlobalSection(ProjectConfigurationPlatforms) = postSolution
		{8B818D6F-749A-470B-A9C2-2B756EC4065A}.Debug|Any CPU.ActiveCfg = Debug|Any CPU
		{8B818D6F-749A-470B-A9C2-2B756EC4065A}.Debug|Any CPU.Build.0 = Debug|Any CPU
		{8B818D6F-749A-470B-A9C2-2B756EC4065A}.Release|Any CPU.ActiveCfg = Release|Any CPU
		{8B818D6F-749A-470B-A9C2-2B756EC4065A}.Release|Any CPU.Build.0 = Release|Any CPU
	EndGlobalSection
	GlobalSection(SolutionProperties) = preSolution
		HideSolutionNode = FALSE
	EndGlobalSection
	GlobalSection(ExtensibilityGlobals) = postSolution
		SolutionGuid = {5A268E88-E8F4-4065-9CC4-A6F3E9A16CCF}
	EndGlobalSection
EndGlobal
